// !$*UTF8*$!
{
	archiveVersion = 1;
	classes = {
	};
	objectVersion = 50;
	objects = {

/* Begin PBXBuildFile section */
		3F8DF03320CE3178000BCB58 /* AppDelegate.swift in Sources */ = {isa = PBXBuildFile; fileRef = 3F8DF03220CE3178000BCB58 /* AppDelegate.swift */; };
		3F8DF03820CE3178000BCB58 /* Main.storyboard in Resources */ = {isa = PBXBuildFile; fileRef = 3F8DF03620CE3178000BCB58 /* Main.storyboard */; };
		3F8DF03A20CE317A000BCB58 /* Assets.xcassets in Resources */ = {isa = PBXBuildFile; fileRef = 3F8DF03920CE317A000BCB58 /* Assets.xcassets */; };
		3F8DF03D20CE317A000BCB58 /* LaunchScreen.storyboard in Resources */ = {isa = PBXBuildFile; fileRef = 3F8DF03B20CE317A000BCB58 /* LaunchScreen.storyboard */; };
		3F8DF04520CE334A000BCB58 /* AddMealPlanTableViewController.swift in Sources */ = {isa = PBXBuildFile; fileRef = 3F8DF04420CE334A000BCB58 /* AddMealPlanTableViewController.swift */; };
		3F8DF04720CE3B1A000BCB58 /* MealPlan.swift in Sources */ = {isa = PBXBuildFile; fileRef = 3F8DF04620CE3B1A000BCB58 /* MealPlan.swift */; };
		3F8DF04920CE3B26000BCB58 /* CustomerMeal.swift in Sources */ = {isa = PBXBuildFile; fileRef = 3F8DF04820CE3B26000BCB58 /* CustomerMeal.swift */; };
		3F8DF04B20CE44E7000BCB58 /* SelectMealPlanTableViewController.swift in Sources */ = {isa = PBXBuildFile; fileRef = 3F8DF04A20CE44E7000BCB58 /* SelectMealPlanTableViewController.swift */; };
		3FE6795220CE5B9400F38B10 /* CustomerTableViewController.swift in Sources */ = {isa = PBXBuildFile; fileRef = 3FE6795120CE5B9400F38B10 /* CustomerTableViewController.swift */; };
/* End PBXBuildFile section */

/* Begin PBXFileReference section */
		3F8DF02F20CE3178000BCB58 /* MealPlan.app */ = {isa = PBXFileReference; explicitFileType = wrapper.application; includeInIndex = 0; path = MealPlan.app; sourceTree = BUILT_PRODUCTS_DIR; };
		3F8DF03220CE3178000BCB58 /* AppDelegate.swift */ = {isa = PBXFileReference; lastKnownFileType = sourcecode.swift; path = AppDelegate.swift; sourceTree = "<group>"; };
		3F8DF03720CE3178000BCB58 /* Base */ = {isa = PBXFileReference; lastKnownFileType = file.storyboard; name = Base; path = Base.lproj/Main.storyboard; sourceTree = "<group>"; };
		3F8DF03920CE317A000BCB58 /* Assets.xcassets */ = {isa = PBXFileReference; lastKnownFileType = folder.assetcatalog; path = Assets.xcassets; sourceTree = "<group>"; };
		3F8DF03C20CE317A000BCB58 /* Base */ = {isa = PBXFileReference; lastKnownFileType = file.storyboard; name = Base; path = Base.lproj/LaunchScreen.storyboard; sourceTree = "<group>"; };
		3F8DF03E20CE317A000BCB58 /* Info.plist */ = {isa = PBXFileReference; lastKnownFileType = text.plist.xml; path = Info.plist; sourceTree = "<group>"; };
		3F8DF04420CE334A000BCB58 /* AddMealPlanTableViewController.swift */ = {isa = PBXFileReference; lastKnownFileType = sourcecode.swift; path = AddMealPlanTableViewController.swift; sourceTree = "<group>"; };
		3F8DF04620CE3B1A000BCB58 /* MealPlan.swift */ = {isa = PBXFileReference; lastKnownFileType = sourcecode.swift; path = MealPlan.swift; sourceTree = "<group>"; };
		3F8DF04820CE3B26000BCB58 /* CustomerMeal.swift */ = {isa = PBXFileReference; lastKnownFileType = sourcecode.swift; path = CustomerMeal.swift; sourceTree = "<group>"; };
		3F8DF04A20CE44E7000BCB58 /* SelectMealPlanTableViewController.swift */ = {isa = PBXFileReference; lastKnownFileType = sourcecode.swift; path = SelectMealPlanTableViewController.swift; sourceTree = "<group>"; };
		3FE6795120CE5B9400F38B10 /* CustomerTableViewController.swift */ = {isa = PBXFileReference; lastKnownFileType = sourcecode.swift; path = CustomerTableViewController.swift; sourceTree = "<group>"; };
/* End PBXFileReference section */

/* Begin PBXFrameworksBuildPhase section */
		3F8DF02C20CE3178000BCB58 /* Frameworks */ = {
			isa = PBXFrameworksBuildPhase;
			buildActionMask = 2147483647;
			files = (
			);
			runOnlyForDeploymentPostprocessing = 0;
		};
/* End PBXFrameworksBuildPhase section */

/* Begin PBXGroup section */
		3F8DF02620CE3177000BCB58 = {
			isa = PBXGroup;
			children = (
				3F8DF03120CE3178000BCB58 /* MealPlan */,
				3F8DF03020CE3178000BCB58 /* Products */,
			);
			sourceTree = "<group>";
		};
		3F8DF03020CE3178000BCB58 /* Products */ = {
			isa = PBXGroup;
			children = (
				3F8DF02F20CE3178000BCB58 /* MealPlan.app */,
			);
			name = Products;
			sourceTree = "<group>";
		};
		3F8DF03120CE3178000BCB58 /* MealPlan */ = {
			isa = PBXGroup;
			children = (
				3F8DF03220CE3178000BCB58 /* AppDelegate.swift */,
				3F8DF03620CE3178000BCB58 /* Main.storyboard */,
				3F8DF04420CE334A000BCB58 /* AddMealPlanTableViewController.swift */,
				3FE6795120CE5B9400F38B10 /* CustomerTableViewController.swift */,
				3F8DF04620CE3B1A000BCB58 /* MealPlan.swift */,
				3F8DF04A20CE44E7000BCB58 /* SelectMealPlanTableViewController.swift */,
				3F8DF04820CE3B26000BCB58 /* CustomerMeal.swift */,
				3F8DF03920CE317A000BCB58 /* Assets.xcassets */,
				3F8DF03B20CE317A000BCB58 /* LaunchScreen.storyboard */,
				3F8DF03E20CE317A000BCB58 /* Info.plist */,
			);
			path = MealPlan;
			sourceTree = "<group>";
		};
/* End PBXGroup section */

/* Begin PBXNativeTarget section */
		3F8DF02E20CE3178000BCB58 /* MealPlan */ = {
			isa = PBXNativeTarget;
			buildConfigurationList = 3F8DF04120CE317A000BCB58 /* Build configuration list for PBXNativeTarget "MealPlan" */;
			buildPhases = (
				3F8DF02B20CE3178000BCB58 /* Sources */,
				3F8DF02C20CE3178000BCB58 /* Frameworks */,
				3F8DF02D20CE3178000BCB58 /* Resources */,
			);
			buildRules = (
			);
			dependencies = (
			);
			name = MealPlan;
			productName = MealPlan;
			productReference = 3F8DF02F20CE3178000BCB58 /* MealPlan.app */;
			productType = "com.apple.product-type.application";
		};
/* End PBXNativeTarget section */

/* Begin PBXProject section */
		3F8DF02720CE3177000BCB58 /* Project object */ = {
			isa = PBXProject;
			attributes = {
				LastSwiftUpdateCheck = 0940;
				LastUpgradeCheck = 0940;
				ORGANIZATIONNAME = "Shumei Kawagoe";
				TargetAttributes = {
					3F8DF02E20CE3178000BCB58 = {
						CreatedOnToolsVersion = 9.4;
					};
				};
			};
			buildConfigurationList = 3F8DF02A20CE3177000BCB58 /* Build configuration list for PBXProject "MealPlan" */;
			compatibilityVersion = "Xcode 9.3";
			developmentRegion = en;
			hasScannedForEncodings = 0;
			knownRegions = (
				en,
				Base,
			);
			mainGroup = 3F8DF02620CE3177000BCB58;
			productRefGroup = 3F8DF03020CE3178000BCB58 /* Products */;
			projectDirPath = "";
			projectRoot = "";
			targets = (
				3F8DF02E20CE3178000BCB58 /* MealPlan */,
			);
		};
/* End PBXProject section */

/* Begin PBXResourcesBuildPhase section */
		3F8DF02D20CE3178000BCB58 /* Resources */ = {
			isa = PBXResourcesBuildPhase;
			buildActionMask = 2147483647;
			files = (
				3F8DF03D20CE317A000BCB58 /* LaunchScreen.storyboard in Resources */,
				3F8DF03A20CE317A000BCB58 /* Assets.xcassets in Resources */,
				3F8DF03820CE3178000BCB58 /* Main.storyboard in Resources */,
			);
			runOnlyForDeploymentPostprocessing = 0;
		};
/* End PBXResourcesBuildPhase section */

/* Begin PBXSourcesBuildPhase section */
		3F8DF02B20CE3178000BCB58 /* Sources */ = {
			isa = PBXSourcesBuildPhase;
			buildActionMask = 2147483647;
			files = (
				3F8DF04720CE3B1A000BCB58 /* MealPlan.swift in Sources */,
				3F8DF04B20CE44E7000BCB58 /* SelectMealPlanTableViewController.swift in Sources */,
				3F8DF03320CE3178000BCB58 /* AppDelegate.swift in Sources */,
				3F8DF04920CE3B26000BCB58 /* CustomerMeal.swift in Sources */,
				3F8DF04520CE334A000BCB58 /* AddMealPlanTableViewController.swift in Sources */,
				3FE6795220CE5B9400F38B10 /* CustomerTableViewController.swift in Sources */,
			);
			runOnlyForDeploymentPostprocessing = 0;
		};
/* End PBXSourcesBuildPhase section */

/* Begin PBXVariantGroup section */
		3F8DF03620CE3178000BCB58 /* Main.storyboard */ = {
			isa = PBXVariantGroup;
			children = (
				3F8DF03720CE3178000BCB58 /* Base */,
			);
			name = Main.storyboard;
			sourceTree = "<group>";
		};
		3F8DF03B20CE317A000BCB58 /* LaunchScreen.storyboard */ = {
			isa = PBXVariantGroup;
			children = (
				3F8DF03C20CE317A000BCB58 /* Base */,
			);
			name = LaunchScreen.storyboard;
			sourceTree = "<group>";
		};
/* End PBXVariantGroup section */

/* Begin XCBuildConfiguration section */
		3F8DF03F20CE317A000BCB58 /* Debug */ = {
			isa = XCBuildConfiguration;
			buildSettings = {
				ALWAYS_SEARCH_USER_PATHS = NO;
				CLANG_ANALYZER_NONNULL = YES;
				CLANG_ANALYZER_NUMBER_OBJECT_CONVERSION = YES_AGGRESSIVE;
				CLANG_CXX_LANGUAGE_STANDARD = "gnu++14";
				CLANG_CXX_LIBRARY = "libc++";
				CLANG_ENABLE_MODULES = YES;
				CLANG_ENABLE_OBJC_ARC = YES;
				CLANG_ENABLE_OBJC_WEAK = YES;
				CLANG_WARN_BLOCK_CAPTURE_AUTORELEASING = YES;
				CLANG_WARN_BOOL_CONVERSION = YES;
				CLANG_WARN_COMMA = YES;
				CLANG_WARN_CONSTANT_CONVERSION = YES;
				CLANG_WARN_DEPRECATED_OBJC_IMPLEMENTATIONS = YES;
				CLANG_WARN_DIRECT_OBJC_ISA_USAGE = YES_ERROR;
				CLANG_WARN_DOCUMENTATION_COMMENTS = YES;
				CLANG_WARN_EMPTY_BODY = YES;
				CLANG_WARN_ENUM_CONVERSION = YES;
				CLANG_WARN_INFINITE_RECURSION = YES;
				CLANG_WARN_INT_CONVERSION = YES;
				CLANG_WARN_NON_LITERAL_NULL_CONVERSION = YES;
				CLANG_WARN_OBJC_IMPLICIT_RETAIN_SELF = YES;
				CLANG_WARN_OBJC_LITERAL_CONVERSION = YES;
				CLANG_WARN_OBJC_ROOT_CLASS = YES_ERROR;
				CLANG_WARN_RANGE_LOOP_ANALYSIS = YES;
				CLANG_WARN_STRICT_PROTOTYPES = YES;
				CLANG_WARN_SUSPICIOUS_MOVE = YES;
				CLANG_WARN_UNGUARDED_AVAILABILITY = YES_AGGRESSIVE;
				CLANG_WARN_UNREACHABLE_CODE = YES;
				CLANG_WARN__DUPLICATE_METHOD_MATCH = YES;
				CODE_SIGN_IDENTITY = "iPhone Developer";
				COPY_PHASE_STRIP = NO;
				DEBUG_INFORMATION_FORMAT = dwarf;
				ENABLE_STRICT_OBJC_MSGSEND = YES;
				ENABLE_TESTABILITY = YES;
				GCC_C_LANGUAGE_STANDARD = gnu11;
				GCC_DYNAMIC_NO_PIC = NO;
				GCC_NO_COMMON_BLOCKS = YES;
				GCC_OPTIMIZATION_LEVEL = 0;
				GCC_PREPROCESSOR_DEFINITIONS = (
					"DEBUG=1",
					"$(inherited)",
				);
				GCC_WARN_64_TO_32_BIT_CONVERSION = YES;
				GCC_WARN_ABOUT_RETURN_TYPE = YES_ERROR;
				GCC_WARN_UNDECLARED_SELECTOR = YES;
				GCC_WARN_UNINITIALIZED_AUTOS = YES_AGGRESSIVE;
				GCC_WARN_UNUSED_FUNCTION = YES;
				GCC_WARN_UNUSED_VARIABLE = YES;
				IPHONEOS_DEPLOYMENT_TARGET = 11.4;
				MTL_ENABLE_DEBUG_INFO = YES;
				ONLY_ACTIVE_ARCH = YES;
				SDKROOT = iphoneos;
				SWIFT_ACTIVE_COMPILATION_CONDITIONS = DEBUG;
				SWIFT_OPTIMIZATION_LEVEL = "-Onone";
			};
			name = Debug;
		};
		3F8DF04020CE317A000BCB58 /* Release */ = {
			isa = XCBuildConfiguration;
			buildSettings = {
				ALWAYS_SEARCH_USER_PATHS = NO;
				CLANG_ANALYZER_NONNULL = YES;
				CLANG_ANALYZER_NUMBER_OBJECT_CONVERSION = YES_AGGRESSIVE;
				CLANG_CXX_LANGUAGE_STANDARD = "gnu++14";
				CLANG_CXX_LIBRARY = "libc++";
				CLANG_ENABLE_MODULES = YES;
				CLANG_ENABLE_OBJC_ARC = YES;
				CLANG_ENABLE_OBJC_WEAK = YES;
				CLANG_WARN_BLOCK_CAPTURE_AUTORELEASING = YES;
				CLANG_WARN_BOOL_CONVERSION = YES;
				CLANG_WARN_COMMA = YES;
				CLANG_WARN_CONSTANT_CONVERSION = YES;
				CLANG_WARN_DEPRECATED_OBJC_IMPLEMENTATIONS = YES;
				CLANG_WARN_DIRECT_OBJC_ISA_USAGE = YES_ERROR;
				CLANG_WARN_DOCUMENTATION_COMMENTS = YES;
				CLANG_WARN_EMPTY_BODY = YES;
				CLANG_WARN_ENUM_CONVERSION = YES;
				CLANG_WARN_INFINITE_RECURSION = YES;
				CLANG_WARN_INT_CONVERSION = YES;
				CLANG_WARN_NON_LITERAL_NULL_CONVERSION = YES;
				CLANG_WARN_OBJC_IMPLICIT_RETAIN_SELF = YES;
				CLANG_WARN_OBJC_LITERAL_CONVERSION = YES;
				CLANG_WARN_OBJC_ROOT_CLASS = YES_ERROR;
				CLANG_WARN_RANGE_LOOP_ANALYSIS = YES;
				CLANG_WARN_STRICT_PROTOTYPES = YES;
				CLANG_WARN_SUSPICIOUS_MOVE = YES;
				CLANG_WARN_UNGUARDED_AVAILABILITY = YES_AGGRESSIVE;
				CLANG_WARN_UNREACHABLE_CODE = YES;
				CLANG_WARN__DUPLICATE_METHOD_MATCH = YES;
				CODE_SIGN_IDENTITY = "iPhone Developer";
				COPY_PHASE_STRIP = NO;
				DEBUG_INFORMATION_FORMAT = "dwarf-with-dsym";
				ENABLE_NS_ASSERTIONS = NO;
				ENABLE_STRICT_OBJC_MSGSEND = YES;
				GCC_C_LANGUAGE_STANDARD = gnu11;
				GCC_NO_COMMON_BLOCKS = YES;
				GCC_WARN_64_TO_32_BIT_CONVERSION = YES;
				GCC_WARN_ABOUT_RETURN_TYPE = YES_ERROR;
				GCC_WARN_UNDECLARED_SELECTOR = YES;
				GCC_WARN_UNINITIALIZED_AUTOS = YES_AGGRESSIVE;
				GCC_WARN_UNUSED_FUNCTION = YES;
				GCC_WARN_UNUSED_VARIABLE = YES;
				IPHONEOS_DEPLOYMENT_TARGET = 11.4;
				MTL_ENABLE_DEBUG_INFO = NO;
				SDKROOT = iphoneos;
				SWIFT_COMPILATION_MODE = wholemodule;
				SWIFT_OPTIMIZATION_LEVEL = "-O";
				VALIDATE_PRODUCT = YES;
			};
			name = Release;
		};
		3F8DF04220CE317A000BCB58 /* Debug */ = {
			isa = XCBuildConfiguration;
			buildSettings = {
				ASSETCATALOG_COMPILER_APPICON_NAME = AppIcon;
				CODE_SIGN_STYLE = Automatic;
				INFOPLIST_FILE = MealPlan/Info.plist;
				LD_RUNPATH_SEARCH_PATHS = (
					"$(inherited)",
					"@executable_path/Frameworks",
				);
				PRODUCT_BUNDLE_IDENTIFIER = com.shumeiKawagoe.MealPlan;
				PRODUCT_NAME = "$(TARGET_NAME)";
				SWIFT_VERSION = 4.0;
				TARGETED_DEVICE_FAMILY = "1,2";
			};
			name = Debug;
		};
		3F8DF04320CE317A000BCB58 /* Release */ = {
			isa = XCBuildConfiguration;
			buildSettings = {
				ASSETCATALOG_COMPILER_APPICON_NAME = AppIcon;
				CODE_SIGN_STYLE = Automatic;
				INFOPLIST_FILE = MealPlan/Info.plist;
				LD_RUNPATH_SEARCH_PATHS = (
					"$(inherited)",
					"@executable_path/Frameworks",
				);
				PRODUCT_BUNDLE_IDENTIFIER = com.shumeiKawagoe.MealPlan;
				PRODUCT_NAME = "$(TARGET_NAME)";
				SWIFT_VERSION = 4.0;
				TARGETED_DEVICE_FAMILY = "1,2";
			};
			name = Release;
		};
/* End XCBuildConfiguration section */

/* Begin XCConfigurationList section */
		3F8DF02A20CE3177000BCB58 /* Build configuration list for PBXProject "MealPlan" */ = {
			isa = XCConfigurationList;
			buildConfigurations = (
				3F8DF03F20CE317A000BCB58 /* Debug */,
				3F8DF04020CE317A000BCB58 /* Release */,
			);
			defaultConfigurationIsVisible = 0;
			defaultConfigurationName = Release;
		};
		3F8DF04120CE317A000BCB58 /* Build configuration list for PBXNativeTarget "MealPlan" */ = {
			isa = XCConfigurationList;
			buildConfigurations = (
				3F8DF04220CE317A000BCB58 /* Debug */,
				3F8DF04320CE317A000BCB58 /* Release */,
			);
			defaultConfigurationIsVisible = 0;
			defaultConfigurationName = Release;
		};
/* End XCConfigurationList section */
	};
	rootObject = 3F8DF02720CE3177000BCB58 /* Project object */;
}
